
Microsoft Visual Studio Solution File, Format Version 12.00
# Visual Studio Version 16
VisualStudioVersion = 16.0.29806.167
MinimumVisualStudioVersion = 10.0.40219.1
Project("{FAE04EC0-301F-11D3-BF4B-00C04F79EFBC}") = "RM.Win.MonitorPower", "RM.Win.MonitorPower\RM.Win.MonitorPower.csproj", "{1588CB20-C1BC-40A9-95E4-CA15A11A95D8}"
EndProject
Project("{8BC9CEB8-8B4A-11D0-8D11-00A0C91BC942}") = "RM.Win.MonitorPower.Lib", "RM.Win.MonitorPower.Lib\RM.Win.MonitorPower.Lib.vcxproj", "{7866DEBA-44DC-4907-A887-7E5E34AC5EC8}"
EndProject
Global
	GlobalSection(SolutionConfigurationPlatforms) = preSolution
		Debug|Any CPU = Debug|Any CPU
		Debug|x64 = Debug|x64
		Debug|x86 = Debug|x86
		Release|Any CPU = Release|Any CPU
		Release|x64 = Release|x64
		Release|x86 = Release|x86
	EndGlobalSection
	GlobalSection(ProjectConfigurationPlatforms) = postSolution
		{1588CB20-C1BC-40A9-95E4-CA15A11A95D8}.Debug|Any CPU.ActiveCfg = Debug|Any CPU
		{1588CB20-C1BC-40A9-95E4-CA15A11A95D8}.Debug|Any CPU.Build.0 = Debug|Any CPU
		{1588CB20-C1BC-40A9-95E4-CA15A11A95D8}.Debug|x64.ActiveCfg = Debug|Any CPU
		{1588CB20-C1BC-40A9-95E4-CA15A11A95D8}.Debug|x64.Build.0 = Debug|Any CPU
		{1588CB20-C1BC-40A9-95E4-CA15A11A95D8}.Debug|x86.ActiveCfg = Debug|Any CPU
		{1588CB20-C1BC-40A9-95E4-CA15A11A95D8}.Debug|x86.Build.0 = Debug|Any CPU
		{1588CB20-C1BC-40A9-95E4-CA15A11A95D8}.Release|Any CPU.ActiveCfg = Release|Any CPU
		{1588CB20-C1BC-40A9-95E4-CA15A11A95D8}.Release|Any CPU.Build.0 = Release|Any CPU
		{1588CB20-C1BC-40A9-95E4-CA15A11A95D8}.Release|x64.ActiveCfg = Release|Any CPU
		{1588CB20-C1BC-40A9-95E4-CA15A11A95D8}.Release|x64.Build.0 = Release|Any CPU
		{1588CB20-C1BC-40A9-95E4-CA15A11A95D8}.Release|x86.ActiveCfg = Release|Any CPU
		{1588CB20-C1BC-40A9-95E4-CA15A11A95D8}.Release|x86.Build.0 = Release|Any CPU
		{7866DEBA-44DC-4907-A887-7E5E34AC5EC8}.Debug|Any CPU.ActiveCfg = Debug|Win32
		{7866DEBA-44DC-4907-A887-7E5E34AC5EC8}.Debug|x64.ActiveCfg = Debug|x64
		{7866DEBA-44DC-4907-A887-7E5E34AC5EC8}.Debug|x64.Build.0 = Debug|x64
		{7866DEBA-44DC-4907-A887-7E5E34AC5EC8}.Debug|x86.ActiveCfg = Debug|Win32
		{7866DEBA-44DC-4907-A887-7E5E34AC5EC8}.Debug|x86.Build.0 = Debug|Win32
		{7866DEBA-44DC-4907-A887-7E5E34AC5EC8}.Release|Any CPU.ActiveCfg = Release|Win32
		{7866DEBA-44DC-4907-A887-7E5E34AC5EC8}.Release|x64.ActiveCfg = Release|x64
		{7866DEBA-44DC-4907-A887-7E5E34AC5EC8}.Release|x64.Build.0 = Release|x64
		{7866DEBA-44DC-4907-A887-7E5E34AC5EC8}.Release|x86.ActiveCfg = Release|Win32
		{7866DEBA-44DC-4907-A887-7E5E34AC5EC8}.Release|x86.Build.0 = Release|Win32
	EndGlobalSection
	GlobalSection(SolutionProperties) = preSolution
		HideSolutionNode = FALSE
	EndGlobalSection
	GlobalSection(ExtensibilityGlobals) = postSolution
		SolutionGuid = {CA2014F2-FE19-4C9A-89A9-46FC3E2F2873}
	EndGlobalSection
EndGlobal
