
Microsoft Visual Studio Solution File, Format Version 12.00
# Visual Studio 14
VisualStudioVersion = 14.0.25420.1
MinimumVisualStudioVersion = 10.0.40219.1
Project("{FAE04EC0-301F-11D3-BF4B-00C04F79EFBC}") = "RM.BinPatcher", "RM.BinPatcher\RM.BinPatcher.csproj", "{916C8177-0ADB-46D1-BFA5-75E9DA3041B3}"
EndProject
Project("{FAE04EC0-301F-11D3-BF4B-00C04F79EFBC}") = "RM.BinPatcher.Cli", "RM.BinPatcher.Cli\RM.BinPatcher.Cli.csproj", "{16DE32ED-8B84-4938-95F5-8AB0ED854FF2}"
EndProject
Project("{FAE04EC0-301F-11D3-BF4B-00C04F79EFBC}") = "RM.BinPatcher.Module", "RM.BinPatcher.Module\RM.BinPatcher.Module.csproj", "{7667758E-0A9A-4E3E-AD9F-64210C19F4F6}"
EndProject
Global
	GlobalSection(SolutionConfigurationPlatforms) = preSolution
		Debug|Any CPU = Debug|Any CPU
		Release|Any CPU = Release|Any CPU
	EndGlobalSection
	GlobalSection(ProjectConfigurationPlatforms) = postSolution
		{916C8177-0ADB-46D1-BFA5-75E9DA3041B3}.Debug|Any CPU.ActiveCfg = Debug|Any CPU
		{916C8177-0ADB-46D1-BFA5-75E9DA3041B3}.Debug|Any CPU.Build.0 = Debug|Any CPU
		{916C8177-0ADB-46D1-BFA5-75E9DA3041B3}.Release|Any CPU.ActiveCfg = Release|Any CPU
		{916C8177-0ADB-46D1-BFA5-75E9DA3041B3}.Release|Any CPU.Build.0 = Release|Any CPU
		{16DE32ED-8B84-4938-95F5-8AB0ED854FF2}.Debug|Any CPU.ActiveCfg = Debug|Any CPU
		{16DE32ED-8B84-4938-95F5-8AB0ED854FF2}.Debug|Any CPU.Build.0 = Debug|Any CPU
		{16DE32ED-8B84-4938-95F5-8AB0ED854FF2}.Release|Any CPU.ActiveCfg = Release|Any CPU
		{16DE32ED-8B84-4938-95F5-8AB0ED854FF2}.Release|Any CPU.Build.0 = Release|Any CPU
		{7667758E-0A9A-4E3E-AD9F-64210C19F4F6}.Debug|Any CPU.ActiveCfg = Debug|Any CPU
		{7667758E-0A9A-4E3E-AD9F-64210C19F4F6}.Debug|Any CPU.Build.0 = Debug|Any CPU
		{7667758E-0A9A-4E3E-AD9F-64210C19F4F6}.Release|Any CPU.ActiveCfg = Release|Any CPU
		{7667758E-0A9A-4E3E-AD9F-64210C19F4F6}.Release|Any CPU.Build.0 = Release|Any CPU
	EndGlobalSection
	GlobalSection(SolutionProperties) = preSolution
		HideSolutionNode = FALSE
	EndGlobalSection
EndGlobal
