
Microsoft Visual Studio Solution File, Format Version 12.00
# Visual Studio 15
VisualStudioVersion = 15.0.26430.12
MinimumVisualStudioVersion = 10.0.40219.1
Project("{FAE04EC0-301F-11D3-BF4B-00C04F79EFBC}") = "Matrix42.Client.Mail.Console", "Matrix42.Client.Mail.Console\Matrix42.Client.Mail.Console.csproj", "{E6C25B5C-4381-47DC-8E21-BC046EC3AE69}"
EndProject
Project("{FAE04EC0-301F-11D3-BF4B-00C04F79EFBC}") = "Matrix42.Client.Mail", "Matrix42.Client.Mail\Matrix42.Client.Mail.csproj", "{4B1AA181-1EF1-499C-83E4-E79107090404}"
EndProject
Project("{FAE04EC0-301F-11D3-BF4B-00C04F79EFBC}") = "Matrix42.Client.Mail.Test", "Matrix42.Client.Mail.Test\Matrix42.Client.Mail.Test.csproj", "{E80C0019-E8CD-49C7-852C-D3D156689D40}"
EndProject
Project("{FAE04EC0-301F-11D3-BF4B-00C04F79EFBC}") = "Matrix42.Utilities.MimeDbCreator", "Matrix42.Utilities.MimeDbCreator\Matrix42.Utilities.MimeDbCreator.csproj", "{4C5FD814-5732-4E32-8006-B74E655A2903}"
EndProject
Global
	GlobalSection(SolutionConfigurationPlatforms) = preSolution
		Debug|Any CPU = Debug|Any CPU
		Release|Any CPU = Release|Any CPU
	EndGlobalSection
	GlobalSection(ProjectConfigurationPlatforms) = postSolution
		{E6C25B5C-4381-47DC-8E21-BC046EC3AE69}.Debug|Any CPU.ActiveCfg = Debug|Any CPU
		{E6C25B5C-4381-47DC-8E21-BC046EC3AE69}.Debug|Any CPU.Build.0 = Debug|Any CPU
		{E6C25B5C-4381-47DC-8E21-BC046EC3AE69}.Release|Any CPU.ActiveCfg = Release|Any CPU
		{E6C25B5C-4381-47DC-8E21-BC046EC3AE69}.Release|Any CPU.Build.0 = Release|Any CPU
		{4B1AA181-1EF1-499C-83E4-E79107090404}.Debug|Any CPU.ActiveCfg = Debug|Any CPU
		{4B1AA181-1EF1-499C-83E4-E79107090404}.Debug|Any CPU.Build.0 = Debug|Any CPU
		{4B1AA181-1EF1-499C-83E4-E79107090404}.Release|Any CPU.ActiveCfg = Release|Any CPU
		{4B1AA181-1EF1-499C-83E4-E79107090404}.Release|Any CPU.Build.0 = Release|Any CPU
		{E80C0019-E8CD-49C7-852C-D3D156689D40}.Debug|Any CPU.ActiveCfg = Debug|Any CPU
		{E80C0019-E8CD-49C7-852C-D3D156689D40}.Debug|Any CPU.Build.0 = Debug|Any CPU
		{E80C0019-E8CD-49C7-852C-D3D156689D40}.Release|Any CPU.ActiveCfg = Release|Any CPU
		{E80C0019-E8CD-49C7-852C-D3D156689D40}.Release|Any CPU.Build.0 = Release|Any CPU
		{4C5FD814-5732-4E32-8006-B74E655A2903}.Debug|Any CPU.ActiveCfg = Debug|Any CPU
		{4C5FD814-5732-4E32-8006-B74E655A2903}.Debug|Any CPU.Build.0 = Debug|Any CPU
		{4C5FD814-5732-4E32-8006-B74E655A2903}.Release|Any CPU.ActiveCfg = Release|Any CPU
		{4C5FD814-5732-4E32-8006-B74E655A2903}.Release|Any CPU.Build.0 = Release|Any CPU
	EndGlobalSection
	GlobalSection(SolutionProperties) = preSolution
		HideSolutionNode = FALSE
	EndGlobalSection
EndGlobal
