
Microsoft Visual Studio Solution File, Format Version 12.00
# Visual Studio Version 16
VisualStudioVersion = 16.0.29806.167
MinimumVisualStudioVersion = 10.0.40219.1
Project("{9A19103F-16F7-4668-BE54-9A1E7A4F7556}") = "RM.Win.Utils.Flasher", "RM.Win.Utils.Flasher\RM.Win.Utils.Flasher.csproj", "{834DA972-2093-4D16-A25B-C90E61F79FE4}"
EndProject
Project("{FAE04EC0-301F-11D3-BF4B-00C04F79EFBC}") = "RM.Win.FlashNotifier", "RM.Win.FlashNotifier\RM.Win.FlashNotifier.csproj", "{63EB1F51-F065-452A-95E4-A4C7A6F24872}"
EndProject
Global
	GlobalSection(SolutionConfigurationPlatforms) = preSolution
		Debug|Any CPU = Debug|Any CPU
		Release|Any CPU = Release|Any CPU
	EndGlobalSection
	GlobalSection(ProjectConfigurationPlatforms) = postSolution
		{834DA972-2093-4D16-A25B-C90E61F79FE4}.Debug|Any CPU.ActiveCfg = Debug|Any CPU
		{834DA972-2093-4D16-A25B-C90E61F79FE4}.Debug|Any CPU.Build.0 = Debug|Any CPU
		{834DA972-2093-4D16-A25B-C90E61F79FE4}.Release|Any CPU.ActiveCfg = Release|Any CPU
		{834DA972-2093-4D16-A25B-C90E61F79FE4}.Release|Any CPU.Build.0 = Release|Any CPU
		{63EB1F51-F065-452A-95E4-A4C7A6F24872}.Debug|Any CPU.ActiveCfg = Debug|Any CPU
		{63EB1F51-F065-452A-95E4-A4C7A6F24872}.Debug|Any CPU.Build.0 = Debug|Any CPU
		{63EB1F51-F065-452A-95E4-A4C7A6F24872}.Release|Any CPU.ActiveCfg = Release|Any CPU
		{63EB1F51-F065-452A-95E4-A4C7A6F24872}.Release|Any CPU.Build.0 = Release|Any CPU
	EndGlobalSection
	GlobalSection(SolutionProperties) = preSolution
		HideSolutionNode = FALSE
	EndGlobalSection
	GlobalSection(ExtensibilityGlobals) = postSolution
		SolutionGuid = {8A75047C-FF75-4DF1-8A36-B1A2C7AF7B00}
	EndGlobalSection
EndGlobal
