
Microsoft Visual Studio Solution File, Format Version 12.00
# Visual Studio Version 16
VisualStudioVersion = 16.0.28803.156
MinimumVisualStudioVersion = 10.0.40219.1
Project("{FAE04EC0-301F-11D3-BF4B-00C04F79EFBC}") = "RM.Win.LuaScripting", "RM.Win.LuaScripting\RM.Win.LuaScripting.csproj", "{B8737ABC-050F-43B7-8160-9937A0CECE76}"
EndProject
Global
	GlobalSection(SolutionConfigurationPlatforms) = preSolution
		Debug|Any CPU = Debug|Any CPU
		Release|Any CPU = Release|Any CPU
	EndGlobalSection
	GlobalSection(ProjectConfigurationPlatforms) = postSolution
		{B8737ABC-050F-43B7-8160-9937A0CECE76}.Debug|Any CPU.ActiveCfg = Debug|Any CPU
		{B8737ABC-050F-43B7-8160-9937A0CECE76}.Debug|Any CPU.Build.0 = Debug|Any CPU
		{B8737ABC-050F-43B7-8160-9937A0CECE76}.Release|Any CPU.ActiveCfg = Release|Any CPU
		{B8737ABC-050F-43B7-8160-9937A0CECE76}.Release|Any CPU.Build.0 = Release|Any CPU
	EndGlobalSection
	GlobalSection(SolutionProperties) = preSolution
		HideSolutionNode = FALSE
	EndGlobalSection
	GlobalSection(ExtensibilityGlobals) = postSolution
		SolutionGuid = {A97B7CD1-A183-4F98-8277-977C43ADEA10}
	EndGlobalSection
EndGlobal
