
Microsoft Visual Studio Solution File, Format Version 12.00
# Visual Studio 15
VisualStudioVersion = 15.0.28307.438
MinimumVisualStudioVersion = 10.0.40219.1
Project("{FAE04EC0-301F-11D3-BF4B-00C04F79EFBC}") = "RM.Util.GZip", "RM.Util.GZip\RM.Util.GZip.csproj", "{6FA2D9DC-CA9E-4D59-A5CD-13461C87AF04}"
EndProject
Global
	GlobalSection(SolutionConfigurationPlatforms) = preSolution
		Debug|Any CPU = Debug|Any CPU
		Release|Any CPU = Release|Any CPU
	EndGlobalSection
	GlobalSection(ProjectConfigurationPlatforms) = postSolution
		{6FA2D9DC-CA9E-4D59-A5CD-13461C87AF04}.Debug|Any CPU.ActiveCfg = Debug|Any CPU
		{6FA2D9DC-CA9E-4D59-A5CD-13461C87AF04}.Debug|Any CPU.Build.0 = Debug|Any CPU
		{6FA2D9DC-CA9E-4D59-A5CD-13461C87AF04}.Release|Any CPU.ActiveCfg = Release|Any CPU
		{6FA2D9DC-CA9E-4D59-A5CD-13461C87AF04}.Release|Any CPU.Build.0 = Release|Any CPU
	EndGlobalSection
	GlobalSection(SolutionProperties) = preSolution
		HideSolutionNode = FALSE
	EndGlobalSection
	GlobalSection(ExtensibilityGlobals) = postSolution
		SolutionGuid = {7C0035F1-03C5-43A6-A22B-6441CBB05BAE}
	EndGlobalSection
EndGlobal
