
Microsoft Visual Studio Solution File, Format Version 12.00
# Visual Studio 14
VisualStudioVersion = 14.0.25123.0
MinimumVisualStudioVersion = 10.0.40219.1
Project("{FAE04EC0-301F-11D3-BF4B-00C04F79EFBC}") = "RM.UzTicket.Console", "RM.UzTicket.Console\RM.UzTicket.Console.csproj", "{7F7BD3E3-5992-443A-9E4E-0333587C82D4}"
EndProject
Project("{FAE04EC0-301F-11D3-BF4B-00C04F79EFBC}") = "RM.UzTicket.Lib", "RM.UzTicket.Lib\RM.UzTicket.Lib.csproj", "{EC80E940-16C8-407D-BD59-1DCD13C50D01}"
EndProject
Global
	GlobalSection(SolutionConfigurationPlatforms) = preSolution
		Debug|Any CPU = Debug|Any CPU
		Release|Any CPU = Release|Any CPU
	EndGlobalSection
	GlobalSection(ProjectConfigurationPlatforms) = postSolution
		{7F7BD3E3-5992-443A-9E4E-0333587C82D4}.Debug|Any CPU.ActiveCfg = Debug|Any CPU
		{7F7BD3E3-5992-443A-9E4E-0333587C82D4}.Debug|Any CPU.Build.0 = Debug|Any CPU
		{7F7BD3E3-5992-443A-9E4E-0333587C82D4}.Release|Any CPU.ActiveCfg = Release|Any CPU
		{7F7BD3E3-5992-443A-9E4E-0333587C82D4}.Release|Any CPU.Build.0 = Release|Any CPU
		{EC80E940-16C8-407D-BD59-1DCD13C50D01}.Debug|Any CPU.ActiveCfg = Debug|Any CPU
		{EC80E940-16C8-407D-BD59-1DCD13C50D01}.Debug|Any CPU.Build.0 = Debug|Any CPU
		{EC80E940-16C8-407D-BD59-1DCD13C50D01}.Release|Any CPU.ActiveCfg = Release|Any CPU
		{EC80E940-16C8-407D-BD59-1DCD13C50D01}.Release|Any CPU.Build.0 = Release|Any CPU
	EndGlobalSection
	GlobalSection(SolutionProperties) = preSolution
		HideSolutionNode = FALSE
	EndGlobalSection
EndGlobal
